
Microsoft Visual Studio Solution File, Format Version 12.00
# Visual Studio 15
VisualStudioVersion = 15.0.28307.779
MinimumVisualStudioVersion = 10.0.40219.1
Project("{FAE04EC0-301F-11D3-BF4B-00C04F79EFBC}") = "Project.MODEL", "Project.MODEL\Project.MODEL.csproj", "{42A815BC-B00A-41A7-AA9F-1B38587E6DFB}"
EndProject
Project("{FAE04EC0-301F-11D3-BF4B-00C04F79EFBC}") = "Project.MAP", "Project.MAP\Project.MAP.csproj", "{E168F0C8-33BA-4518-930A-E0F5A4A8E504}"
EndProject
Project("{FAE04EC0-301F-11D3-BF4B-00C04F79EFBC}") = "Project.DAL", "Project.DAL\Project.DAL.csproj", "{695038E9-7638-4EB2-988A-37E109B5BECA}"
EndProject
Project("{FAE04EC0-301F-11D3-BF4B-00C04F79EFBC}") = "Project.BLL", "Project.BLL\Project.BLL.csproj", "{34681043-6D69-4829-8FED-F270D6032681}"
EndProject
Project("{FAE04EC0-301F-11D3-BF4B-00C04F79EFBC}") = "Project.COMMON", "Project.COMMON\Project.COMMON.csproj", "{D8996C6F-13AA-477A-85DC-95C3F428B969}"
EndProject
Project("{FAE04EC0-301F-11D3-BF4B-00C04F79EFBC}") = "Project.VIEWMODEL", "Project.VIEWMODEL\Project.VIEWMODEL.csproj", "{F70B18EA-868E-4382-9C2E-E7626EC7C0BB}"
EndProject
Project("{FAE04EC0-301F-11D3-BF4B-00C04F79EFBC}") = "Project.API", "Project.API\Project.API.csproj", "{C6D4C1F3-EE58-4C26-8B61-C1751FEAC944}"
EndProject
Project("{FAE04EC0-301F-11D3-BF4B-00C04F79EFBC}") = "Project.ANGULARUI", "Project.ANGULARUI\Project.ANGULARUI.csproj", "{EE74C6AB-3234-4727-A44A-884CF88208D3}"
EndProject
Project("{262852C6-CD72-467D-83FE-5EEB1973A190}") = "Project.CORDOVA", "Project.CORDOVA\Project.CORDOVA.jsproj", "{209AD62A-10DB-4535-93A8-5F3746DC282F}"
EndProject
Project("{FAE04EC0-301F-11D3-BF4B-00C04F79EFBC}") = "Project.MVCUI", "Project.MVCUI\Project.MVCUI.csproj", "{0DBB0DA1-BE53-4F15-8EE4-C96397B472DE}"
EndProject
Global
	GlobalSection(SolutionConfigurationPlatforms) = preSolution
		Debug|Android = Debug|Android
		Debug|Any CPU = Debug|Any CPU
		Debug|iOS = Debug|iOS
		Debug|Windows-ARM = Debug|Windows-ARM
		Debug|Windows-x64 = Debug|Windows-x64
		Debug|Windows-x86 = Debug|Windows-x86
		Release|Android = Release|Android
		Release|Any CPU = Release|Any CPU
		Release|iOS = Release|iOS
		Release|Windows-ARM = Release|Windows-ARM
		Release|Windows-x64 = Release|Windows-x64
		Release|Windows-x86 = Release|Windows-x86
	EndGlobalSection
	GlobalSection(ProjectConfigurationPlatforms) = postSolution
		{42A815BC-B00A-41A7-AA9F-1B38587E6DFB}.Debug|Android.ActiveCfg = Debug|Any CPU
		{42A815BC-B00A-41A7-AA9F-1B38587E6DFB}.Debug|Android.Build.0 = Debug|Any CPU
		{42A815BC-B00A-41A7-AA9F-1B38587E6DFB}.Debug|Any CPU.ActiveCfg = Debug|Any CPU
		{42A815BC-B00A-41A7-AA9F-1B38587E6DFB}.Debug|Any CPU.Build.0 = Debug|Any CPU
		{42A815BC-B00A-41A7-AA9F-1B38587E6DFB}.Debug|iOS.ActiveCfg = Debug|Any CPU
		{42A815BC-B00A-41A7-AA9F-1B38587E6DFB}.Debug|iOS.Build.0 = Debug|Any CPU
		{42A815BC-B00A-41A7-AA9F-1B38587E6DFB}.Debug|Windows-ARM.ActiveCfg = Debug|Any CPU
		{42A815BC-B00A-41A7-AA9F-1B38587E6DFB}.Debug|Windows-ARM.Build.0 = Debug|Any CPU
		{42A815BC-B00A-41A7-AA9F-1B38587E6DFB}.Debug|Windows-x64.ActiveCfg = Debug|Any CPU
		{42A815BC-B00A-41A7-AA9F-1B38587E6DFB}.Debug|Windows-x64.Build.0 = Debug|Any CPU
		{42A815BC-B00A-41A7-AA9F-1B38587E6DFB}.Debug|Windows-x86.ActiveCfg = Debug|Any CPU
		{42A815BC-B00A-41A7-AA9F-1B38587E6DFB}.Debug|Windows-x86.Build.0 = Debug|Any CPU
		{42A815BC-B00A-41A7-AA9F-1B38587E6DFB}.Release|Android.ActiveCfg = Release|Any CPU
		{42A815BC-B00A-41A7-AA9F-1B38587E6DFB}.Release|Android.Build.0 = Release|Any CPU
		{42A815BC-B00A-41A7-AA9F-1B38587E6DFB}.Release|Any CPU.ActiveCfg = Release|Any CPU
		{42A815BC-B00A-41A7-AA9F-1B38587E6DFB}.Release|Any CPU.Build.0 = Release|Any CPU
		{42A815BC-B00A-41A7-AA9F-1B38587E6DFB}.Release|iOS.ActiveCfg = Release|Any CPU
		{42A815BC-B00A-41A7-AA9F-1B38587E6DFB}.Release|iOS.Build.0 = Release|Any CPU
		{42A815BC-B00A-41A7-AA9F-1B38587E6DFB}.Release|Windows-ARM.ActiveCfg = Release|Any CPU
		{42A815BC-B00A-41A7-AA9F-1B38587E6DFB}.Release|Windows-ARM.Build.0 = Release|Any CPU
		{42A815BC-B00A-41A7-AA9F-1B38587E6DFB}.Release|Windows-x64.ActiveCfg = Release|Any CPU
		{42A815BC-B00A-41A7-AA9F-1B38587E6DFB}.Release|Windows-x64.Build.0 = Release|Any CPU
		{42A815BC-B00A-41A7-AA9F-1B38587E6DFB}.Release|Windows-x86.ActiveCfg = Release|Any CPU
		{42A815BC-B00A-41A7-AA9F-1B38587E6DFB}.Release|Windows-x86.Build.0 = Release|Any CPU
		{E168F0C8-33BA-4518-930A-E0F5A4A8E504}.Debug|Android.ActiveCfg = Debug|Any CPU
		{E168F0C8-33BA-4518-930A-E0F5A4A8E504}.Debug|Android.Build.0 = Debug|Any CPU
		{E168F0C8-33BA-4518-930A-E0F5A4A8E504}.Debug|Any CPU.ActiveCfg = Debug|Any CPU
		{E168F0C8-33BA-4518-930A-E0F5A4A8E504}.Debug|Any CPU.Build.0 = Debug|Any CPU
		{E168F0C8-33BA-4518-930A-E0F5A4A8E504}.Debug|iOS.ActiveCfg = Debug|Any CPU
		{E168F0C8-33BA-4518-930A-E0F5A4A8E504}.Debug|iOS.Build.0 = Debug|Any CPU
		{E168F0C8-33BA-4518-930A-E0F5A4A8E504}.Debug|Windows-ARM.ActiveCfg = Debug|Any CPU
		{E168F0C8-33BA-4518-930A-E0F5A4A8E504}.Debug|Windows-ARM.Build.0 = Debug|Any CPU
		{E168F0C8-33BA-4518-930A-E0F5A4A8E504}.Debug|Windows-x64.ActiveCfg = Debug|Any CPU
		{E168F0C8-33BA-4518-930A-E0F5A4A8E504}.Debug|Windows-x64.Build.0 = Debug|Any CPU
		{E168F0C8-33BA-4518-930A-E0F5A4A8E504}.Debug|Windows-x86.ActiveCfg = Debug|Any CPU
		{E168F0C8-33BA-4518-930A-E0F5A4A8E504}.Debug|Windows-x86.Build.0 = Debug|Any CPU
		{E168F0C8-33BA-4518-930A-E0F5A4A8E504}.Release|Android.ActiveCfg = Release|Any CPU
		{E168F0C8-33BA-4518-930A-E0F5A4A8E504}.Release|Android.Build.0 = Release|Any CPU
		{E168F0C8-33BA-4518-930A-E0F5A4A8E504}.Release|Any CPU.ActiveCfg = Release|Any CPU
		{E168F0C8-33BA-4518-930A-E0F5A4A8E504}.Release|Any CPU.Build.0 = Release|Any CPU
		{E168F0C8-33BA-4518-930A-E0F5A4A8E504}.Release|iOS.ActiveCfg = Release|Any CPU
		{E168F0C8-33BA-4518-930A-E0F5A4A8E504}.Release|iOS.Build.0 = Release|Any CPU
		{E168F0C8-33BA-4518-930A-E0F5A4A8E504}.Release|Windows-ARM.ActiveCfg = Release|Any CPU
		{E168F0C8-33BA-4518-930A-E0F5A4A8E504}.Release|Windows-ARM.Build.0 = Release|Any CPU
		{E168F0C8-33BA-4518-930A-E0F5A4A8E504}.Release|Windows-x64.ActiveCfg = Release|Any CPU
		{E168F0C8-33BA-4518-930A-E0F5A4A8E504}.Release|Windows-x64.Build.0 = Release|Any CPU
		{E168F0C8-33BA-4518-930A-E0F5A4A8E504}.Release|Windows-x86.ActiveCfg = Release|Any CPU
		{E168F0C8-33BA-4518-930A-E0F5A4A8E504}.Release|Windows-x86.Build.0 = Release|Any CPU
		{695038E9-7638-4EB2-988A-37E109B5BECA}.Debug|Android.ActiveCfg = Debug|Any CPU
		{695038E9-7638-4EB2-988A-37E109B5BECA}.Debug|Android.Build.0 = Debug|Any CPU
		{695038E9-7638-4EB2-988A-37E109B5BECA}.Debug|Any CPU.ActiveCfg = Debug|Any CPU
		{695038E9-7638-4EB2-988A-37E109B5BECA}.Debug|Any CPU.Build.0 = Debug|Any CPU
		{695038E9-7638-4EB2-988A-37E109B5BECA}.Debug|iOS.ActiveCfg = Debug|Any CPU
		{695038E9-7638-4EB2-988A-37E109B5BECA}.Debug|iOS.Build.0 = Debug|Any CPU
		{695038E9-7638-4EB2-988A-37E109B5BECA}.Debug|Windows-ARM.ActiveCfg = Debug|Any CPU
		{695038E9-7638-4EB2-988A-37E109B5BECA}.Debug|Windows-ARM.Build.0 = Debug|Any CPU
		{695038E9-7638-4EB2-988A-37E109B5BECA}.Debug|Windows-x64.ActiveCfg = Debug|Any CPU
		{695038E9-7638-4EB2-988A-37E109B5BECA}.Debug|Windows-x64.Build.0 = Debug|Any CPU
		{695038E9-7638-4EB2-988A-37E109B5BECA}.Debug|Windows-x86.ActiveCfg = Debug|Any CPU
		{695038E9-7638-4EB2-988A-37E109B5BECA}.Debug|Windows-x86.Build.0 = Debug|Any CPU
		{695038E9-7638-4EB2-988A-37E109B5BECA}.Release|Android.ActiveCfg = Release|Any CPU
		{695038E9-7638-4EB2-988A-37E109B5BECA}.Release|Android.Build.0 = Release|Any CPU
		{695038E9-7638-4EB2-988A-37E109B5BECA}.Release|Any CPU.ActiveCfg = Release|Any CPU
		{695038E9-7638-4EB2-988A-37E109B5BECA}.Release|Any CPU.Build.0 = Release|Any CPU
		{695038E9-7638-4EB2-988A-37E109B5BECA}.Release|iOS.ActiveCfg = Release|Any CPU
		{695038E9-7638-4EB2-988A-37E109B5BECA}.Release|iOS.Build.0 = Release|Any CPU
		{695038E9-7638-4EB2-988A-37E109B5BECA}.Release|Windows-ARM.ActiveCfg = Release|Any CPU
		{695038E9-7638-4EB2-988A-37E109B5BECA}.Release|Windows-ARM.Build.0 = Release|Any CPU
		{695038E9-7638-4EB2-988A-37E109B5BECA}.Release|Windows-x64.ActiveCfg = Release|Any CPU
		{695038E9-7638-4EB2-988A-37E109B5BECA}.Release|Windows-x64.Build.0 = Release|Any CPU
		{695038E9-7638-4EB2-988A-37E109B5BECA}.Release|Windows-x86.ActiveCfg = Release|Any CPU
		{695038E9-7638-4EB2-988A-37E109B5BECA}.Release|Windows-x86.Build.0 = Release|Any CPU
		{34681043-6D69-4829-8FED-F270D6032681}.Debug|Android.ActiveCfg = Debug|Any CPU
		{34681043-6D69-4829-8FED-F270D6032681}.Debug|Android.Build.0 = Debug|Any CPU
		{34681043-6D69-4829-8FED-F270D6032681}.Debug|Any CPU.ActiveCfg = Debug|Any CPU
		{34681043-6D69-4829-8FED-F270D6032681}.Debug|Any CPU.Build.0 = Debug|Any CPU
		{34681043-6D69-4829-8FED-F270D6032681}.Debug|iOS.ActiveCfg = Debug|Any CPU
		{34681043-6D69-4829-8FED-F270D6032681}.Debug|iOS.Build.0 = Debug|Any CPU
		{34681043-6D69-4829-8FED-F270D6032681}.Debug|Windows-ARM.ActiveCfg = Debug|Any CPU
		{34681043-6D69-4829-8FED-F270D6032681}.Debug|Windows-ARM.Build.0 = Debug|Any CPU
		{34681043-6D69-4829-8FED-F270D6032681}.Debug|Windows-x64.ActiveCfg = Debug|Any CPU
		{34681043-6D69-4829-8FED-F270D6032681}.Debug|Windows-x64.Build.0 = Debug|Any CPU
		{34681043-6D69-4829-8FED-F270D6032681}.Debug|Windows-x86.ActiveCfg = Debug|Any CPU
		{34681043-6D69-4829-8FED-F270D6032681}.Debug|Windows-x86.Build.0 = Debug|Any CPU
		{34681043-6D69-4829-8FED-F270D6032681}.Release|Android.ActiveCfg = Release|Any CPU
		{34681043-6D69-4829-8FED-F270D6032681}.Release|Android.Build.0 = Release|Any CPU
		{34681043-6D69-4829-8FED-F270D6032681}.Release|Any CPU.ActiveCfg = Release|Any CPU
		{34681043-6D69-4829-8FED-F270D6032681}.Release|Any CPU.Build.0 = Release|Any CPU
		{34681043-6D69-4829-8FED-F270D6032681}.Release|iOS.ActiveCfg = Release|Any CPU
		{34681043-6D69-4829-8FED-F270D6032681}.Release|iOS.Build.0 = Release|Any CPU
		{34681043-6D69-4829-8FED-F270D6032681}.Release|Windows-ARM.ActiveCfg = Release|Any CPU
		{34681043-6D69-4829-8FED-F270D6032681}.Release|Windows-ARM.Build.0 = Release|Any CPU
		{34681043-6D69-4829-8FED-F270D6032681}.Release|Windows-x64.ActiveCfg = Release|Any CPU
		{34681043-6D69-4829-8FED-F270D6032681}.Release|Windows-x64.Build.0 = Release|Any CPU
		{34681043-6D69-4829-8FED-F270D6032681}.Release|Windows-x86.ActiveCfg = Release|Any CPU
		{34681043-6D69-4829-8FED-F270D6032681}.Release|Windows-x86.Build.0 = Release|Any CPU
		{D8996C6F-13AA-477A-85DC-95C3F428B969}.Debug|Android.ActiveCfg = Debug|Any CPU
		{D8996C6F-13AA-477A-85DC-95C3F428B969}.Debug|Android.Build.0 = Debug|Any CPU
		{D8996C6F-13AA-477A-85DC-95C3F428B969}.Debug|Any CPU.ActiveCfg = Debug|Any CPU
		{D8996C6F-13AA-477A-85DC-95C3F428B969}.Debug|Any CPU.Build.0 = Debug|Any CPU
		{D8996C6F-13AA-477A-85DC-95C3F428B969}.Debug|iOS.ActiveCfg = Debug|Any CPU
		{D8996C6F-13AA-477A-85DC-95C3F428B969}.Debug|iOS.Build.0 = Debug|Any CPU
		{D8996C6F-13AA-477A-85DC-95C3F428B969}.Debug|Windows-ARM.ActiveCfg = Debug|Any CPU
		{D8996C6F-13AA-477A-85DC-95C3F428B969}.Debug|Windows-ARM.Build.0 = Debug|Any CPU
		{D8996C6F-13AA-477A-85DC-95C3F428B969}.Debug|Windows-x64.ActiveCfg = Debug|Any CPU
		{D8996C6F-13AA-477A-85DC-95C3F428B969}.Debug|Windows-x64.Build.0 = Debug|Any CPU
		{D8996C6F-13AA-477A-85DC-95C3F428B969}.Debug|Windows-x86.ActiveCfg = Debug|Any CPU
		{D8996C6F-13AA-477A-85DC-95C3F428B969}.Debug|Windows-x86.Build.0 = Debug|Any CPU
		{D8996C6F-13AA-477A-85DC-95C3F428B969}.Release|Android.ActiveCfg = Release|Any CPU
		{D8996C6F-13AA-477A-85DC-95C3F428B969}.Release|Android.Build.0 = Release|Any CPU
		{D8996C6F-13AA-477A-85DC-95C3F428B969}.Release|Any CPU.ActiveCfg = Release|Any CPU
		{D8996C6F-13AA-477A-85DC-95C3F428B969}.Release|Any CPU.Build.0 = Release|Any CPU
		{D8996C6F-13AA-477A-85DC-95C3F428B969}.Release|iOS.ActiveCfg = Release|Any CPU
		{D8996C6F-13AA-477A-85DC-95C3F428B969}.Release|iOS.Build.0 = Release|Any CPU
		{D8996C6F-13AA-477A-85DC-95C3F428B969}.Release|Windows-ARM.ActiveCfg = Release|Any CPU
		{D8996C6F-13AA-477A-85DC-95C3F428B969}.Release|Windows-ARM.Build.0 = Release|Any CPU
		{D8996C6F-13AA-477A-85DC-95C3F428B969}.Release|Windows-x64.ActiveCfg = Release|Any CPU
		{D8996C6F-13AA-477A-85DC-95C3F428B969}.Release|Windows-x64.Build.0 = Release|Any CPU
		{D8996C6F-13AA-477A-85DC-95C3F428B969}.Release|Windows-x86.ActiveCfg = Release|Any CPU
		{D8996C6F-13AA-477A-85DC-95C3F428B969}.Release|Windows-x86.Build.0 = Release|Any CPU
		{F70B18EA-868E-4382-9C2E-E7626EC7C0BB}.Debug|Android.ActiveCfg = Debug|Any CPU
		{F70B18EA-868E-4382-9C2E-E7626EC7C0BB}.Debug|Android.Build.0 = Debug|Any CPU
		{F70B18EA-868E-4382-9C2E-E7626EC7C0BB}.Debug|Any CPU.ActiveCfg = Debug|Any CPU
		{F70B18EA-868E-4382-9C2E-E7626EC7C0BB}.Debug|Any CPU.Build.0 = Debug|Any CPU
		{F70B18EA-868E-4382-9C2E-E7626EC7C0BB}.Debug|iOS.ActiveCfg = Debug|Any CPU
		{F70B18EA-868E-4382-9C2E-E7626EC7C0BB}.Debug|iOS.Build.0 = Debug|Any CPU
		{F70B18EA-868E-4382-9C2E-E7626EC7C0BB}.Debug|Windows-ARM.ActiveCfg = Debug|Any CPU
		{F70B18EA-868E-4382-9C2E-E7626EC7C0BB}.Debug|Windows-ARM.Build.0 = Debug|Any CPU
		{F70B18EA-868E-4382-9C2E-E7626EC7C0BB}.Debug|Windows-x64.ActiveCfg = Debug|Any CPU
		{F70B18EA-868E-4382-9C2E-E7626EC7C0BB}.Debug|Windows-x64.Build.0 = Debug|Any CPU
		{F70B18EA-868E-4382-9C2E-E7626EC7C0BB}.Debug|Windows-x86.ActiveCfg = Debug|Any CPU
		{F70B18EA-868E-4382-9C2E-E7626EC7C0BB}.Debug|Windows-x86.Build.0 = Debug|Any CPU
		{F70B18EA-868E-4382-9C2E-E7626EC7C0BB}.Release|Android.ActiveCfg = Release|Any CPU
		{F70B18EA-868E-4382-9C2E-E7626EC7C0BB}.Release|Android.Build.0 = Release|Any CPU
		{F70B18EA-868E-4382-9C2E-E7626EC7C0BB}.Release|Any CPU.ActiveCfg = Release|Any CPU
		{F70B18EA-868E-4382-9C2E-E7626EC7C0BB}.Release|Any CPU.Build.0 = Release|Any CPU
		{F70B18EA-868E-4382-9C2E-E7626EC7C0BB}.Release|iOS.ActiveCfg = Release|Any CPU
		{F70B18EA-868E-4382-9C2E-E7626EC7C0BB}.Release|iOS.Build.0 = Release|Any CPU
		{F70B18EA-868E-4382-9C2E-E7626EC7C0BB}.Release|Windows-ARM.ActiveCfg = Release|Any CPU
		{F70B18EA-868E-4382-9C2E-E7626EC7C0BB}.Release|Windows-ARM.Build.0 = Release|Any CPU
		{F70B18EA-868E-4382-9C2E-E7626EC7C0BB}.Release|Windows-x64.ActiveCfg = Release|Any CPU
		{F70B18EA-868E-4382-9C2E-E7626EC7C0BB}.Release|Windows-x64.Build.0 = Release|Any CPU
		{F70B18EA-868E-4382-9C2E-E7626EC7C0BB}.Release|Windows-x86.ActiveCfg = Release|Any CPU
		{F70B18EA-868E-4382-9C2E-E7626EC7C0BB}.Release|Windows-x86.Build.0 = Release|Any CPU
		{C6D4C1F3-EE58-4C26-8B61-C1751FEAC944}.Debug|Android.ActiveCfg = Debug|Any CPU
		{C6D4C1F3-EE58-4C26-8B61-C1751FEAC944}.Debug|Android.Build.0 = Debug|Any CPU
		{C6D4C1F3-EE58-4C26-8B61-C1751FEAC944}.Debug|Any CPU.ActiveCfg = Debug|Any CPU
		{C6D4C1F3-EE58-4C26-8B61-C1751FEAC944}.Debug|Any CPU.Build.0 = Debug|Any CPU
		{C6D4C1F3-EE58-4C26-8B61-C1751FEAC944}.Debug|iOS.ActiveCfg = Debug|Any CPU
		{C6D4C1F3-EE58-4C26-8B61-C1751FEAC944}.Debug|iOS.Build.0 = Debug|Any CPU
		{C6D4C1F3-EE58-4C26-8B61-C1751FEAC944}.Debug|Windows-ARM.ActiveCfg = Debug|Any CPU
		{C6D4C1F3-EE58-4C26-8B61-C1751FEAC944}.Debug|Windows-ARM.Build.0 = Debug|Any CPU
		{C6D4C1F3-EE58-4C26-8B61-C1751FEAC944}.Debug|Windows-x64.ActiveCfg = Debug|Any CPU
		{C6D4C1F3-EE58-4C26-8B61-C1751FEAC944}.Debug|Windows-x64.Build.0 = Debug|Any CPU
		{C6D4C1F3-EE58-4C26-8B61-C1751FEAC944}.Debug|Windows-x86.ActiveCfg = Debug|Any CPU
		{C6D4C1F3-EE58-4C26-8B61-C1751FEAC944}.Debug|Windows-x86.Build.0 = Debug|Any CPU
		{C6D4C1F3-EE58-4C26-8B61-C1751FEAC944}.Release|Android.ActiveCfg = Release|Any CPU
		{C6D4C1F3-EE58-4C26-8B61-C1751FEAC944}.Release|Android.Build.0 = Release|Any CPU
		{C6D4C1F3-EE58-4C26-8B61-C1751FEAC944}.Release|Any CPU.ActiveCfg = Release|Any CPU
		{C6D4C1F3-EE58-4C26-8B61-C1751FEAC944}.Release|Any CPU.Build.0 = Release|Any CPU
		{C6D4C1F3-EE58-4C26-8B61-C1751FEAC944}.Release|iOS.ActiveCfg = Release|Any CPU
		{C6D4C1F3-EE58-4C26-8B61-C1751FEAC944}.Release|iOS.Build.0 = Release|Any CPU
		{C6D4C1F3-EE58-4C26-8B61-C1751FEAC944}.Release|Windows-ARM.ActiveCfg = Release|Any CPU
		{C6D4C1F3-EE58-4C26-8B61-C1751FEAC944}.Release|Windows-ARM.Build.0 = Release|Any CPU
		{C6D4C1F3-EE58-4C26-8B61-C1751FEAC944}.Release|Windows-x64.ActiveCfg = Release|Any CPU
		{C6D4C1F3-EE58-4C26-8B61-C1751FEAC944}.Release|Windows-x64.Build.0 = Release|Any CPU
		{C6D4C1F3-EE58-4C26-8B61-C1751FEAC944}.Release|Windows-x86.ActiveCfg = Release|Any CPU
		{C6D4C1F3-EE58-4C26-8B61-C1751FEAC944}.Release|Windows-x86.Build.0 = Release|Any CPU
		{EE74C6AB-3234-4727-A44A-884CF88208D3}.Debug|Android.ActiveCfg = Debug|Any CPU
		{EE74C6AB-3234-4727-A44A-884CF88208D3}.Debug|Android.Build.0 = Debug|Any CPU
		{EE74C6AB-3234-4727-A44A-884CF88208D3}.Debug|Any CPU.ActiveCfg = Debug|Any CPU
		{EE74C6AB-3234-4727-A44A-884CF88208D3}.Debug|Any CPU.Build.0 = Debug|Any CPU
		{EE74C6AB-3234-4727-A44A-884CF88208D3}.Debug|iOS.ActiveCfg = Debug|Any CPU
		{EE74C6AB-3234-4727-A44A-884CF88208D3}.Debug|iOS.Build.0 = Debug|Any CPU
		{EE74C6AB-3234-4727-A44A-884CF88208D3}.Debug|Windows-ARM.ActiveCfg = Debug|Any CPU
		{EE74C6AB-3234-4727-A44A-884CF88208D3}.Debug|Windows-ARM.Build.0 = Debug|Any CPU
		{EE74C6AB-3234-4727-A44A-884CF88208D3}.Debug|Windows-x64.ActiveCfg = Debug|Any CPU
		{EE74C6AB-3234-4727-A44A-884CF88208D3}.Debug|Windows-x64.Build.0 = Debug|Any CPU
		{EE74C6AB-3234-4727-A44A-884CF88208D3}.Debug|Windows-x86.ActiveCfg = Debug|Any CPU
		{EE74C6AB-3234-4727-A44A-884CF88208D3}.Debug|Windows-x86.Build.0 = Debug|Any CPU
		{EE74C6AB-3234-4727-A44A-884CF88208D3}.Release|Android.ActiveCfg = Release|Any CPU
		{EE74C6AB-3234-4727-A44A-884CF88208D3}.Release|Android.Build.0 = Release|Any CPU
		{EE74C6AB-3234-4727-A44A-884CF88208D3}.Release|Any CPU.ActiveCfg = Release|Any CPU
		{EE74C6AB-3234-4727-A44A-884CF88208D3}.Release|Any CPU.Build.0 = Release|Any CPU
		{EE74C6AB-3234-4727-A44A-884CF88208D3}.Release|iOS.ActiveCfg = Release|Any CPU
		{EE74C6AB-3234-4727-A44A-884CF88208D3}.Release|iOS.Build.0 = Release|Any CPU
		{EE74C6AB-3234-4727-A44A-884CF88208D3}.Release|Windows-ARM.ActiveCfg = Release|Any CPU
		{EE74C6AB-3234-4727-A44A-884CF88208D3}.Release|Windows-ARM.Build.0 = Release|Any CPU
		{EE74C6AB-3234-4727-A44A-884CF88208D3}.Release|Windows-x64.ActiveCfg = Release|Any CPU
		{EE74C6AB-3234-4727-A44A-884CF88208D3}.Release|Windows-x64.Build.0 = Release|Any CPU
		{EE74C6AB-3234-4727-A44A-884CF88208D3}.Release|Windows-x86.ActiveCfg = Release|Any CPU
		{EE74C6AB-3234-4727-A44A-884CF88208D3}.Release|Windows-x86.Build.0 = Release|Any CPU
		{209AD62A-10DB-4535-93A8-5F3746DC282F}.Debug|Android.ActiveCfg = Debug|Android
		{209AD62A-10DB-4535-93A8-5F3746DC282F}.Debug|Android.Build.0 = Debug|Android
		{209AD62A-10DB-4535-93A8-5F3746DC282F}.Debug|Android.Deploy.0 = Debug|Android
		{209AD62A-10DB-4535-93A8-5F3746DC282F}.Debug|Any CPU.ActiveCfg = Debug|Android
		{209AD62A-10DB-4535-93A8-5F3746DC282F}.Debug|iOS.ActiveCfg = Debug|iOS
		{209AD62A-10DB-4535-93A8-5F3746DC282F}.Debug|iOS.Build.0 = Debug|iOS
		{209AD62A-10DB-4535-93A8-5F3746DC282F}.Debug|iOS.Deploy.0 = Debug|iOS
		{209AD62A-10DB-4535-93A8-5F3746DC282F}.Debug|Windows-ARM.ActiveCfg = Debug|Windows-ARM
		{209AD62A-10DB-4535-93A8-5F3746DC282F}.Debug|Windows-ARM.Build.0 = Debug|Windows-ARM
		{209AD62A-10DB-4535-93A8-5F3746DC282F}.Debug|Windows-ARM.Deploy.0 = Debug|Windows-ARM
		{209AD62A-10DB-4535-93A8-5F3746DC282F}.Debug|Windows-x64.ActiveCfg = Debug|Windows-x64
		{209AD62A-10DB-4535-93A8-5F3746DC282F}.Debug|Windows-x64.Build.0 = Debug|Windows-x64
		{209AD62A-10DB-4535-93A8-5F3746DC282F}.Debug|Windows-x64.Deploy.0 = Debug|Windows-x64
		{209AD62A-10DB-4535-93A8-5F3746DC282F}.Debug|Windows-x86.ActiveCfg = Debug|Windows-x86
		{209AD62A-10DB-4535-93A8-5F3746DC282F}.Debug|Windows-x86.Build.0 = Debug|Windows-x86
		{209AD62A-10DB-4535-93A8-5F3746DC282F}.Debug|Windows-x86.Deploy.0 = Debug|Windows-x86
		{209AD62A-10DB-4535-93A8-5F3746DC282F}.Release|Android.ActiveCfg = Release|Android
		{209AD62A-10DB-4535-93A8-5F3746DC282F}.Release|Android.Build.0 = Release|Android
		{209AD62A-10DB-4535-93A8-5F3746DC282F}.Release|Android.Deploy.0 = Release|Android
		{209AD62A-10DB-4535-93A8-5F3746DC282F}.Release|Any CPU.ActiveCfg = Release|Android
		{209AD62A-10DB-4535-93A8-5F3746DC282F}.Release|iOS.ActiveCfg = Release|iOS
		{209AD62A-10DB-4535-93A8-5F3746DC282F}.Release|iOS.Build.0 = Release|iOS
		{209AD62A-10DB-4535-93A8-5F3746DC282F}.Release|iOS.Deploy.0 = Release|iOS
		{209AD62A-10DB-4535-93A8-5F3746DC282F}.Release|Windows-ARM.ActiveCfg = Release|Windows-ARM
		{209AD62A-10DB-4535-93A8-5F3746DC282F}.Release|Windows-ARM.Build.0 = Release|Windows-ARM
		{209AD62A-10DB-4535-93A8-5F3746DC282F}.Release|Windows-ARM.Deploy.0 = Release|Windows-ARM
		{209AD62A-10DB-4535-93A8-5F3746DC282F}.Release|Windows-x64.ActiveCfg = Release|Windows-x64
		{209AD62A-10DB-4535-93A8-5F3746DC282F}.Release|Windows-x64.Build.0 = Release|Windows-x64
		{209AD62A-10DB-4535-93A8-5F3746DC282F}.Release|Windows-x64.Deploy.0 = Release|Windows-x64
		{209AD62A-10DB-4535-93A8-5F3746DC282F}.Release|Windows-x86.ActiveCfg = Release|Windows-x86
		{209AD62A-10DB-4535-93A8-5F3746DC282F}.Release|Windows-x86.Build.0 = Release|Windows-x86
		{209AD62A-10DB-4535-93A8-5F3746DC282F}.Release|Windows-x86.Deploy.0 = Release|Windows-x86
		{0DBB0DA1-BE53-4F15-8EE4-C96397B472DE}.Debug|Android.ActiveCfg = Debug|Any CPU
		{0DBB0DA1-BE53-4F15-8EE4-C96397B472DE}.Debug|Android.Build.0 = Debug|Any CPU
		{0DBB0DA1-BE53-4F15-8EE4-C96397B472DE}.Debug|Any CPU.ActiveCfg = Debug|Any CPU
		{0DBB0DA1-BE53-4F15-8EE4-C96397B472DE}.Debug|Any CPU.Build.0 = Debug|Any CPU
		{0DBB0DA1-BE53-4F15-8EE4-C96397B472DE}.Debug|iOS.ActiveCfg = Debug|Any CPU
		{0DBB0DA1-BE53-4F15-8EE4-C96397B472DE}.Debug|iOS.Build.0 = Debug|Any CPU
		{0DBB0DA1-BE53-4F15-8EE4-C96397B472DE}.Debug|Windows-ARM.ActiveCfg = Debug|Any CPU
		{0DBB0DA1-BE53-4F15-8EE4-C96397B472DE}.Debug|Windows-ARM.Build.0 = Debug|Any CPU
		{0DBB0DA1-BE53-4F15-8EE4-C96397B472DE}.Debug|Windows-x64.ActiveCfg = Debug|Any CPU
		{0DBB0DA1-BE53-4F15-8EE4-C96397B472DE}.Debug|Windows-x64.Build.0 = Debug|Any CPU
		{0DBB0DA1-BE53-4F15-8EE4-C96397B472DE}.Debug|Windows-x86.ActiveCfg = Debug|Any CPU
		{0DBB0DA1-BE53-4F15-8EE4-C96397B472DE}.Debug|Windows-x86.Build.0 = Debug|Any CPU
		{0DBB0DA1-BE53-4F15-8EE4-C96397B472DE}.Release|Android.ActiveCfg = Release|Any CPU
		{0DBB0DA1-BE53-4F15-8EE4-C96397B472DE}.Release|Android.Build.0 = Release|Any CPU
		{0DBB0DA1-BE53-4F15-8EE4-C96397B472DE}.Release|Any CPU.ActiveCfg = Release|Any CPU
		{0DBB0DA1-BE53-4F15-8EE4-C96397B472DE}.Release|Any CPU.Build.0 = Release|Any CPU
		{0DBB0DA1-BE53-4F15-8EE4-C96397B472DE}.Release|iOS.ActiveCfg = Release|Any CPU
		{0DBB0DA1-BE53-4F15-8EE4-C96397B472DE}.Release|iOS.Build.0 = Release|Any CPU
		{0DBB0DA1-BE53-4F15-8EE4-C96397B472DE}.Release|Windows-ARM.ActiveCfg = Release|Any CPU
		{0DBB0DA1-BE53-4F15-8EE4-C96397B472DE}.Release|Windows-ARM.Build.0 = Release|Any CPU
		{0DBB0DA1-BE53-4F15-8EE4-C96397B472DE}.Release|Windows-x64.ActiveCfg = Release|Any CPU
		{0DBB0DA1-BE53-4F15-8EE4-C96397B472DE}.Release|Windows-x64.Build.0 = Release|Any CPU
		{0DBB0DA1-BE53-4F15-8EE4-C96397B472DE}.Release|Windows-x86.ActiveCfg = Release|Any CPU
		{0DBB0DA1-BE53-4F15-8EE4-C96397B472DE}.Release|Windows-x86.Build.0 = Release|Any CPU
	EndGlobalSection
	GlobalSection(SolutionProperties) = preSolution
		HideSolutionNode = FALSE
	EndGlobalSection
	GlobalSection(ExtensibilityGlobals) = postSolution
		SolutionGuid = {93483D72-6AC4-4AF1-9536-617B56C4EFA7}
	EndGlobalSection
EndGlobal
